
Microsoft Visual Studio Solution File, Format Version 12.00
# Visual Studio Version 16
VisualStudioVersion = 16.0.31424.327
MinimumVisualStudioVersion = 10.0.40219.1
Project("{FAE04EC0-301F-11D3-BF4B-00C04F79EFBC}") = "ToDoApp_Challenge", "ToDoApp_Challenge\ToDoApp_Challenge.csproj", "{17B587BA-B9B5-498C-9E53-1A98FA3D0B48}"
EndProject
Global
	GlobalSection(SolutionConfigurationPlatforms) = preSolution
		Debug|Any CPU = Debug|Any CPU
		Release|Any CPU = Release|Any CPU
	EndGlobalSection
	GlobalSection(ProjectConfigurationPlatforms) = postSolution
		{17B587BA-B9B5-498C-9E53-1A98FA3D0B48}.Debug|Any CPU.ActiveCfg = Debug|Any CPU
		{17B587BA-B9B5-498C-9E53-1A98FA3D0B48}.Debug|Any CPU.Build.0 = Debug|Any CPU
		{17B587BA-B9B5-498C-9E53-1A98FA3D0B48}.Release|Any CPU.ActiveCfg = Release|Any CPU
		{17B587BA-B9B5-498C-9E53-1A98FA3D0B48}.Release|Any CPU.Build.0 = Release|Any CPU
	EndGlobalSection
	GlobalSection(SolutionProperties) = preSolution
		HideSolutionNode = FALSE
	EndGlobalSection
	GlobalSection(ExtensibilityGlobals) = postSolution
		SolutionGuid = {43EA6680-2A65-49C0-97EE-54758473DA3E}
	EndGlobalSection
EndGlobal
